
Microsoft Visual Studio Solution File, Format Version 12.00
# Visual Studio Version 16
VisualStudioVersion = 16.0.32002.261
MinimumVisualStudioVersion = 10.0.40219.1
Project("{9A19103F-16F7-4668-BE54-9A1E7A4F7556}") = "API", "API\API.csproj", "{90D12BB5-6BBD-4E8F-8386-0BE80DCD48D0}"
EndProject
Project("{FAE04EC0-301F-11D3-BF4B-00C04F79EFBC}") = "Client", "Client\Client.csproj", "{30CC89F5-C9B5-4AA8-982F-B8F5DB6B5096}"
EndProject
Global
	GlobalSection(SolutionConfigurationPlatforms) = preSolution
		Debug|Any CPU = Debug|Any CPU
		Release|Any CPU = Release|Any CPU
	EndGlobalSection
	GlobalSection(ProjectConfigurationPlatforms) = postSolution
		{90D12BB5-6BBD-4E8F-8386-0BE80DCD48D0}.Debug|Any CPU.ActiveCfg = Debug|Any CPU
		{90D12BB5-6BBD-4E8F-8386-0BE80DCD48D0}.Debug|Any CPU.Build.0 = Debug|Any CPU
		{90D12BB5-6BBD-4E8F-8386-0BE80DCD48D0}.Release|Any CPU.ActiveCfg = Release|Any CPU
		{90D12BB5-6BBD-4E8F-8386-0BE80DCD48D0}.Release|Any CPU.Build.0 = Release|Any CPU
		{30CC89F5-C9B5-4AA8-982F-B8F5DB6B5096}.Debug|Any CPU.ActiveCfg = Debug|Any CPU
		{30CC89F5-C9B5-4AA8-982F-B8F5DB6B5096}.Debug|Any CPU.Build.0 = Debug|Any CPU
		{30CC89F5-C9B5-4AA8-982F-B8F5DB6B5096}.Release|Any CPU.ActiveCfg = Release|Any CPU
		{30CC89F5-C9B5-4AA8-982F-B8F5DB6B5096}.Release|Any CPU.Build.0 = Release|Any CPU
	EndGlobalSection
	GlobalSection(SolutionProperties) = preSolution
		HideSolutionNode = FALSE
	EndGlobalSection
	GlobalSection(ExtensibilityGlobals) = postSolution
		SolutionGuid = {7F134B67-830C-4743-AF2A-4AE50AC428F6}
	EndGlobalSection
EndGlobal
